// !$*UTF8*$!
{
	archiveVersion = 1;
	classes = {
	};
	objectVersion = 60;
	objects = {

/* Begin PBXBuildFile section */
		3A9D7A682E0E010000000001 /* AppIcon20x20@2x.png in Resources */ = {isa = PBXBuildFile; fileRef = 3A9D7A702E0E010000000001 /* AppIcon20x20@2x.png */; };
		3A9D7A692E0E010000000001 /* AppIcon20x20@3x.png in Resources */ = {isa = PBXBuildFile; fileRef = 3A9D7A712E0E010000000001 /* AppIcon20x20@3x.png */; };
		3A9D7A6A2E0E010000000001 /* AppIcon29x29@2x.png in Resources */ = {isa = PBXBuildFile; fileRef = 3A9D7A722E0E010000000001 /* AppIcon29x29@2x.png */; };
		3A9D7A6B2E0E010000000001 /* AppIcon29x29@3x.png in Resources */ = {isa = PBXBuildFile; fileRef = 3A9D7A732E0E010000000001 /* AppIcon29x29@3x.png */; };
		3A9D7A6C2E0E010000000001 /* AppIcon40x40@2x.png in Resources */ = {isa = PBXBuildFile; fileRef = 3A9D7A742E0E010000000001 /* AppIcon40x40@2x.png */; };
		3A9D7A6D2E0E010000000001 /* AppIcon40x40@3x.png in Resources */ = {isa = PBXBuildFile; fileRef = 3A9D7A752E0E010000000001 /* AppIcon40x40@3x.png */; };
		3A9D7A6E2E0E010000000001 /* AppIcon60x60@2x.png in Resources */ = {isa = PBXBuildFile; fileRef = 3A9D7A762E0E010000000001 /* AppIcon60x60@2x.png */; };
		3A9D7A6F2E0E010000000001 /* AppIcon60x60@3x.png in Resources */ = {isa = PBXBuildFile; fileRef = 3A9D7A772E0E010000000001 /* AppIcon60x60@3x.png */; };
		3A9D7A5C2E0E010000000001 /* LEDMatrixDrawApp.swift in Sources */ = {isa = PBXBuildFile; fileRef = 3A9D7A5A2E0E010000000001 /* LEDMatrixDrawApp.swift */; };
		3A9D7A5D2E0E010000000001 /* ContentView.swift in Sources */ = {isa = PBXBuildFile; fileRef = 3A9D7A5B2E0E010000000001 /* ContentView.swift */; };
/* End PBXBuildFile section */

/* Begin PBXFileReference section */
		3A9D7A572E0E010000000001 /* LEDMatrixDraw.app */ = {isa = PBXFileReference; explicitFileType = wrapper.application; includeInIndex = 0; path = LEDMatrixDraw.app; sourceTree = BUILT_PRODUCTS_DIR; };
		3A9D7A5A2E0E010000000001 /* LEDMatrixDrawApp.swift */ = {isa = PBXFileReference; lastKnownFileType = sourcecode.swift; path = LEDMatrixDrawApp.swift; sourceTree = "<group>"; };
		3A9D7A5B2E0E010000000001 /* ContentView.swift */ = {isa = PBXFileReference; lastKnownFileType = sourcecode.swift; path = ContentView.swift; sourceTree = "<group>"; };
		3A9D7A702E0E010000000001 /* AppIcon20x20@2x.png */ = {isa = PBXFileReference; lastKnownFileType = image.png; path = "AppIcon20x20@2x.png"; sourceTree = "<group>"; };
		3A9D7A712E0E010000000001 /* AppIcon20x20@3x.png */ = {isa = PBXFileReference; lastKnownFileType = image.png; path = "AppIcon20x20@3x.png"; sourceTree = "<group>"; };
		3A9D7A722E0E010000000001 /* AppIcon29x29@2x.png */ = {isa = PBXFileReference; lastKnownFileType = image.png; path = "AppIcon29x29@2x.png"; sourceTree = "<group>"; };
		3A9D7A732E0E010000000001 /* AppIcon29x29@3x.png */ = {isa = PBXFileReference; lastKnownFileType = image.png; path = "AppIcon29x29@3x.png"; sourceTree = "<group>"; };
		3A9D7A742E0E010000000001 /* AppIcon40x40@2x.png */ = {isa = PBXFileReference; lastKnownFileType = image.png; path = "AppIcon40x40@2x.png"; sourceTree = "<group>"; };
		3A9D7A752E0E010000000001 /* AppIcon40x40@3x.png */ = {isa = PBXFileReference; lastKnownFileType = image.png; path = "AppIcon40x40@3x.png"; sourceTree = "<group>"; };
		3A9D7A762E0E010000000001 /* AppIcon60x60@2x.png */ = {isa = PBXFileReference; lastKnownFileType = image.png; path = "AppIcon60x60@2x.png"; sourceTree = "<group>"; };
		3A9D7A772E0E010000000001 /* AppIcon60x60@3x.png */ = {isa = PBXFileReference; lastKnownFileType = image.png; path = "AppIcon60x60@3x.png"; sourceTree = "<group>"; };
/* End PBXFileReference section */

/* Begin PBXFrameworksBuildPhase section */
		3A9D7A542E0E010000000001 /* Frameworks */ = {
			isa = PBXFrameworksBuildPhase;
			buildActionMask = 2147483647;
			files = (
			);
			runOnlyForDeploymentPostprocessing = 0;
		};
/* End PBXFrameworksBuildPhase section */

/* Begin PBXGroup section */
		3A9D7A4E2E0E010000000001 = {
			isa = PBXGroup;
			children = (
				3A9D7A592E0E010000000001 /* LEDMatrixDraw */,
				3A9D7A582E0E010000000001 /* Products */,
			);
			sourceTree = "<group>";
		};
		3A9D7A582E0E010000000001 /* Products */ = {
			isa = PBXGroup;
			children = (
				3A9D7A572E0E010000000001 /* LEDMatrixDraw.app */,
			);
			name = Products;
			sourceTree = "<group>";
		};
		3A9D7A592E0E010000000001 /* LEDMatrixDraw */ = {
			isa = PBXGroup;
			children = (
				3A9D7A5A2E0E010000000001 /* LEDMatrixDrawApp.swift */,
				3A9D7A5B2E0E010000000001 /* ContentView.swift */,
				3A9D7A702E0E010000000001 /* AppIcon20x20@2x.png */,
				3A9D7A712E0E010000000001 /* AppIcon20x20@3x.png */,
				3A9D7A722E0E010000000001 /* AppIcon29x29@2x.png */,
				3A9D7A732E0E010000000001 /* AppIcon29x29@3x.png */,
				3A9D7A742E0E010000000001 /* AppIcon40x40@2x.png */,
				3A9D7A752E0E010000000001 /* AppIcon40x40@3x.png */,
				3A9D7A762E0E010000000001 /* AppIcon60x60@2x.png */,
				3A9D7A772E0E010000000001 /* AppIcon60x60@3x.png */,
			);
			path = LEDMatrixDraw;
			sourceTree = "<group>";
		};
/* End PBXGroup section */

/* Begin PBXNativeTarget section */
		3A9D7A562E0E010000000001 /* LEDMatrixDraw */ = {
			isa = PBXNativeTarget;
			buildConfigurationList = 3A9D7A632E0E010000000001 /* Build configuration list for PBXNativeTarget "LEDMatrixDraw" */;
			buildPhases = (
				3A9D7A532E0E010000000001 /* Sources */,
				3A9D7A542E0E010000000001 /* Frameworks */,
				3A9D7A552E0E010000000001 /* Resources */,
			);
			buildRules = (
			);
			dependencies = (
			);
			name = LEDMatrixDraw;
			productName = LEDMatrixDraw;
			productReference = 3A9D7A572E0E010000000001 /* LEDMatrixDraw.app */;
			productType = "com.apple.product-type.application";
		};
/* End PBXNativeTarget section */

/* Begin PBXProject section */
		3A9D7A4F2E0E010000000001 /* Project object */ = {
			isa = PBXProject;
			attributes = {
				BuildIndependentTargetsInParallel = 1;
				LastSwiftUpdateCheck = 1600;
				LastUpgradeCheck = 2610;
				TargetAttributes = {
					3A9D7A562E0E010000000001 = {
						CreatedOnToolsVersion = 16.0;
					};
				};
			};
			buildConfigurationList = 3A9D7A522E0E010000000001 /* Build configuration list for PBXProject "LEDMatrixDraw" */;
			compatibilityVersion = "Xcode 15.0";
			developmentRegion = en;
			hasScannedForEncodings = 0;
			knownRegions = (
				en,
				Base,
			);
			mainGroup = 3A9D7A4E2E0E010000000001;
			productRefGroup = 3A9D7A582E0E010000000001 /* Products */;
			projectDirPath = "";
			projectRoot = "";
			targets = (
				3A9D7A562E0E010000000001 /* LEDMatrixDraw */,
			);
		};
/* End PBXProject section */

/* Begin PBXResourcesBuildPhase section */
		3A9D7A552E0E010000000001 /* Resources */ = {
			isa = PBXResourcesBuildPhase;
			buildActionMask = 2147483647;
			files = (
				3A9D7A682E0E010000000001 /* AppIcon20x20@2x.png in Resources */,
				3A9D7A692E0E010000000001 /* AppIcon20x20@3x.png in Resources */,
				3A9D7A6A2E0E010000000001 /* AppIcon29x29@2x.png in Resources */,
				3A9D7A6B2E0E010000000001 /* AppIcon29x29@3x.png in Resources */,
				3A9D7A6C2E0E010000000001 /* AppIcon40x40@2x.png in Resources */,
				3A9D7A6D2E0E010000000001 /* AppIcon40x40@3x.png in Resources */,
				3A9D7A6E2E0E010000000001 /* AppIcon60x60@2x.png in Resources */,
				3A9D7A6F2E0E010000000001 /* AppIcon60x60@3x.png in Resources */,
			);
			runOnlyForDeploymentPostprocessing = 0;
		};
/* End PBXResourcesBuildPhase section */

/* Begin PBXSourcesBuildPhase section */
		3A9D7A532E0E010000000001 /* Sources */ = {
			isa = PBXSourcesBuildPhase;
			buildActionMask = 2147483647;
			files = (
				3A9D7A5C2E0E010000000001 /* LEDMatrixDrawApp.swift in Sources */,
				3A9D7A5D2E0E010000000001 /* ContentView.swift in Sources */,
			);
			runOnlyForDeploymentPostprocessing = 0;
		};
/* End PBXSourcesBuildPhase section */

/* Begin XCBuildConfiguration section */
		3A9D7A602E0E010000000001 /* Debug */ = {
			isa = XCBuildConfiguration;
			buildSettings = {
				ALWAYS_SEARCH_USER_PATHS = NO;
				ASSETCATALOG_COMPILER_GENERATE_SWIFT_ASSET_SYMBOL_EXTENSIONS = YES;
				CLANG_ANALYZER_NONNULL = YES;
				CLANG_ANALYZER_NUMBER_OBJECT_CONVERSION = YES_AGGRESSIVE;
				CLANG_CXX_LANGUAGE_STANDARD = "gnu++20";
				CLANG_ENABLE_MODULES = YES;
				CLANG_ENABLE_OBJC_ARC = YES;
				CLANG_ENABLE_OBJC_WEAK = YES;
				CLANG_WARN_BLOCK_CAPTURE_AUTORELEASING = YES;
				CLANG_WARN_BOOL_CONVERSION = YES;
				CLANG_WARN_COMMA = YES;
				CLANG_WARN_CONSTANT_CONVERSION = YES;
				CLANG_WARN_DEPRECATED_OBJC_IMPLEMENTATIONS = YES;
				CLANG_WARN_DIRECT_OBJC_ISA_USAGE = YES_ERROR;
				CLANG_WARN_DOCUMENTATION_COMMENTS = YES;
				CLANG_WARN_EMPTY_BODY = YES;
				CLANG_WARN_ENUM_CONVERSION = YES;
				CLANG_WARN_INFINITE_RECURSION = YES;
				CLANG_WARN_INT_CONVERSION = YES;
				CLANG_WARN_NON_LITERAL_NULL_CONVERSION = YES;
				CLANG_WARN_OBJC_IMPLICIT_RETAIN_SELF = YES;
				CLANG_WARN_OBJC_LITERAL_CONVERSION = YES;
				CLANG_WARN_OBJC_ROOT_CLASS = YES_ERROR;
				CLANG_WARN_QUOTED_INCLUDE_IN_FRAMEWORK_HEADER = YES;
				CLANG_WARN_RANGE_LOOP_ANALYSIS = YES;
				CLANG_WARN_STRICT_PROTOTYPES = YES;
				CLANG_WARN_SUSPICIOUS_MOVE = YES;
				CLANG_WARN_UNGUARDED_AVAILABILITY = YES_AGGRESSIVE;
				CLANG_WARN_UNREACHABLE_CODE = YES;
				CLANG_WARN__DUPLICATE_METHOD_MATCH = YES;
				COPY_PHASE_STRIP = NO;
				DEBUG_INFORMATION_FORMAT = dwarf;
				DEVELOPMENT_TEAM = 99ZSPNHU8M;
				ENABLE_STRICT_OBJC_MSGSEND = YES;
				ENABLE_TESTABILITY = YES;
				ENABLE_USER_SCRIPT_SANDBOXING = YES;
				GCC_C_LANGUAGE_STANDARD = gnu17;
				GCC_DYNAMIC_NO_PIC = NO;
				GCC_NO_COMMON_BLOCKS = YES;
				GCC_OPTIMIZATION_LEVEL = 0;
				GCC_PREPROCESSOR_DEFINITIONS = (
					"DEBUG=1",
					"$(inherited)",
				);
				GCC_WARN_64_TO_32_BIT_CONVERSION = YES;
				GCC_WARN_ABOUT_RETURN_TYPE = YES_ERROR;
				GCC_WARN_UNDECLARED_SELECTOR = YES;
				GCC_WARN_UNINITIALIZED_AUTOS = YES_AGGRESSIVE;
				GCC_WARN_UNUSED_FUNCTION = YES;
				GCC_WARN_UNUSED_VARIABLE = YES;
				IPHONEOS_DEPLOYMENT_TARGET = 17.0;
				MTL_ENABLE_DEBUG_INFO = INCLUDE_SOURCE;
				MTL_FAST_MATH = YES;
				ONLY_ACTIVE_ARCH = YES;
				SDKROOT = iphoneos;
				STRING_CATALOG_GENERATE_SYMBOLS = YES;
				SWIFT_ACTIVE_COMPILATION_CONDITIONS = DEBUG;
				SWIFT_OPTIMIZATION_LEVEL = "-Onone";
			};
			name = Debug;
		};
		3A9D7A612E0E010000000001 /* Release */ = {
			isa = XCBuildConfiguration;
			buildSettings = {
				ALWAYS_SEARCH_USER_PATHS = NO;
				ASSETCATALOG_COMPILER_GENERATE_SWIFT_ASSET_SYMBOL_EXTENSIONS = YES;
				CLANG_ANALYZER_NONNULL = YES;
				CLANG_ANALYZER_NUMBER_OBJECT_CONVERSION = YES_AGGRESSIVE;
				CLANG_CXX_LANGUAGE_STANDARD = "gnu++20";
				CLANG_ENABLE_MODULES = YES;
				CLANG_ENABLE_OBJC_ARC = YES;
				CLANG_ENABLE_OBJC_WEAK = YES;
				CLANG_WARN_BLOCK_CAPTURE_AUTORELEASING = YES;
				CLANG_WARN_BOOL_CONVERSION = YES;
				CLANG_WARN_COMMA = YES;
				CLANG_WARN_CONSTANT_CONVERSION = YES;
				CLANG_WARN_DEPRECATED_OBJC_IMPLEMENTATIONS = YES;
				CLANG_WARN_DIRECT_OBJC_ISA_USAGE = YES_ERROR;
				CLANG_WARN_DOCUMENTATION_COMMENTS = YES;
				CLANG_WARN_EMPTY_BODY = YES;
				CLANG_WARN_ENUM_CONVERSION = YES;
				CLANG_WARN_INFINITE_RECURSION = YES;
				CLANG_WARN_INT_CONVERSION = YES;
				CLANG_WARN_NON_LITERAL_NULL_CONVERSION = YES;
				CLANG_WARN_OBJC_IMPLICIT_RETAIN_SELF = YES;
				CLANG_WARN_OBJC_LITERAL_CONVERSION = YES;
				CLANG_WARN_OBJC_ROOT_CLASS = YES_ERROR;
				CLANG_WARN_QUOTED_INCLUDE_IN_FRAMEWORK_HEADER = YES;
				CLANG_WARN_RANGE_LOOP_ANALYSIS = YES;
				CLANG_WARN_STRICT_PROTOTYPES = YES;
				CLANG_WARN_SUSPICIOUS_MOVE = YES;
				CLANG_WARN_UNGUARDED_AVAILABILITY = YES_AGGRESSIVE;
				CLANG_WARN_UNREACHABLE_CODE = YES;
				CLANG_WARN__DUPLICATE_METHOD_MATCH = YES;
				COPY_PHASE_STRIP = NO;
				DEBUG_INFORMATION_FORMAT = "dwarf-with-dsym";
				DEVELOPMENT_TEAM = 99ZSPNHU8M;
				ENABLE_NS_ASSERTIONS = NO;
				ENABLE_STRICT_OBJC_MSGSEND = YES;
				ENABLE_USER_SCRIPT_SANDBOXING = YES;
				GCC_C_LANGUAGE_STANDARD = gnu17;
				GCC_NO_COMMON_BLOCKS = YES;
				GCC_WARN_64_TO_32_BIT_CONVERSION = YES;
				GCC_WARN_ABOUT_RETURN_TYPE = YES_ERROR;
				GCC_WARN_UNDECLARED_SELECTOR = YES;
				GCC_WARN_UNINITIALIZED_AUTOS = YES_AGGRESSIVE;
				GCC_WARN_UNUSED_FUNCTION = YES;
				GCC_WARN_UNUSED_VARIABLE = YES;
				IPHONEOS_DEPLOYMENT_TARGET = 17.0;
				MTL_ENABLE_DEBUG_INFO = NO;
				MTL_FAST_MATH = YES;
				SDKROOT = iphoneos;
				STRING_CATALOG_GENERATE_SYMBOLS = YES;
				SWIFT_COMPILATION_MODE = wholemodule;
				VALIDATE_PRODUCT = YES;
			};
			name = Release;
		};
		3A9D7A642E0E010000000001 /* Debug */ = {
			isa = XCBuildConfiguration;
			buildSettings = {
				CODE_SIGN_STYLE = Automatic;
				CURRENT_PROJECT_VERSION = 1;
				ENABLE_PREVIEWS = YES;
				GENERATE_INFOPLIST_FILE = NO;
				INFOPLIST_FILE = LEDMatrixDraw/Info.plist;
				IPHONEOS_DEPLOYMENT_TARGET = 17.0;
				LD_RUNPATH_SEARCH_PATHS = (
					"$(inherited)",
					"@executable_path/Frameworks",
				);
				MARKETING_VERSION = 1.0;
				PRODUCT_BUNDLE_IDENTIFIER = com.example.LEDMatrixDraw;
				PRODUCT_NAME = "$(TARGET_NAME)";
				SWIFT_EMIT_LOC_STRINGS = YES;
				SWIFT_VERSION = 5.0;
				TARGETED_DEVICE_FAMILY = 1;
			};
			name = Debug;
		};
		3A9D7A652E0E010000000001 /* Release */ = {
			isa = XCBuildConfiguration;
			buildSettings = {
				CODE_SIGN_STYLE = Automatic;
				CURRENT_PROJECT_VERSION = 1;
				ENABLE_PREVIEWS = YES;
				GENERATE_INFOPLIST_FILE = NO;
				INFOPLIST_FILE = LEDMatrixDraw/Info.plist;
				IPHONEOS_DEPLOYMENT_TARGET = 17.0;
				LD_RUNPATH_SEARCH_PATHS = (
					"$(inherited)",
					"@executable_path/Frameworks",
				);
				MARKETING_VERSION = 1.0;
				PRODUCT_BUNDLE_IDENTIFIER = com.example.LEDMatrixDraw;
				PRODUCT_NAME = "$(TARGET_NAME)";
				SWIFT_EMIT_LOC_STRINGS = YES;
				SWIFT_VERSION = 5.0;
				TARGETED_DEVICE_FAMILY = 1;
			};
			name = Release;
		};
/* End XCBuildConfiguration section */

/* Begin XCConfigurationList section */
		3A9D7A522E0E010000000001 /* Build configuration list for PBXProject "LEDMatrixDraw" */ = {
			isa = XCConfigurationList;
			buildConfigurations = (
				3A9D7A602E0E010000000001 /* Debug */,
				3A9D7A612E0E010000000001 /* Release */,
			);
			defaultConfigurationIsVisible = 0;
			defaultConfigurationName = Release;
		};
		3A9D7A632E0E010000000001 /* Build configuration list for PBXNativeTarget "LEDMatrixDraw" */ = {
			isa = XCConfigurationList;
			buildConfigurations = (
				3A9D7A642E0E010000000001 /* Debug */,
				3A9D7A652E0E010000000001 /* Release */,
			);
			defaultConfigurationIsVisible = 0;
			defaultConfigurationName = Release;
		};
/* End XCConfigurationList section */
	};
	rootObject = 3A9D7A4F2E0E010000000001 /* Project object */;
}
